# This file is autogenerated, do not edit; changes may be undone by the next 'dep ensure'.


[[projects]]
  digest = "1:14a0043ce3fe6a179c16a7fae2d7aa096cbc203f1589706538125e26186d63d5"
  name = "github.com/asaskevich/govalidator"
  packages = ["."]
  pruneopts = "UT"
  revision = "521b25f4b05fd26bec69d9dedeb8f9c9a83939a8"
  version = "v8"

[[projects]]
  digest = "1:160eabf7a69910fd74f29c692718bc2437c1c1c7d4c9dea9712357752a70e5df"
  name = "github.com/gorilla/context"
  packages = ["."]
  pruneopts = "UT"
  revision = "1ea25387ff6f684839d82767c1733ff4d4d15d0a"
  version = "v1.1"

[[projects]]
  digest = "1:88aa9e326e2bd6045a46e00a922954b3e1a9ac5787109f49ac85366df370e1e5"
  name = "github.com/gorilla/mux"
  packages = ["."]
  pruneopts = "UT"
  revision = "53c1911da2b537f792e7cafcb446b05ffe33b996"
  version = "v1.6.1"

[[projects]]
  digest = "1:79576ac87462e99c534b249d53e759adf13ac9fc6e69d2011ff6963cda5fd7fc"
  name = "github.com/gorilla/securecookie"
  packages = ["."]
  pruneopts = "UT"
  revision = "667fe4e3466a040b780561fe9b51a83a3753eefc"
  version = "v1.1"

[[projects]]
  digest = "1:e088abc94b4678eb30d09467df7ac2828712aa5e16d1e390f81074dc48c3b96d"
  name = "github.com/gorilla/sessions"
  packages = ["."]
  pruneopts = "UT"
  revision = "ca9ada44574153444b00d3fd9c8559e4cc95f896"
  version = "v1.1"

[[projects]]
  branch = "master"
  digest = "1:c419ae6e1a397c8a8eb15bcdc28c2e16bbcd148da9b4bdad6daf89f98a0a6b57"
  name = "github.com/hashicorp/golang-lru"
  packages = [
    ".",
    "simplelru",
  ]
  pruneopts = "UT"
  revision = "0a025b7e63adc15a622f29b0b2c4c3848243bbf6"

[[projects]]
  branch = "master"
  digest = "1:4c4d484f42d588c25d4fbe783080e1c073e8b1a97cc86ef9018a51c5192292a3"
  name = "github.com/lib/pq"
  packages = [
    ".",
    "oid",
  ]
  pruneopts = "UT"
  revision = "19c8e9ad00952ce0c64489b60e8df88bb16dd514"

[[projects]]
  digest = "1:ee0845ea64262e3d1a6e2eab768fcb2008a0c8e571b7a3bebea554a1c031aeeb"
  name = "github.com/mattn/go-sqlite3"
  packages = ["."]
  pruneopts = "UT"
  revision = "6c771bb9887719704b210e87e934f08be014bdb1"
  version = "v1.6.0"

[[projects]]
  digest = "1:cfa0d7741863a0e1d30e0ccdd4b48a96a471cdb47892303de8b92c3713af3e77"
  name = "github.com/pkg/profile"
  packages = ["."]
  pruneopts = "UT"
  revision = "5b67d428864e92711fcbd2f8629456121a56d91f"
  version = "v1.2.1"

[[projects]]
  digest = "1:8f41bbca0d6435bb54d7c090336f7693942cda30f9126eaf3959b8df48721ac3"
  name = "github.com/twinj/uuid"
  packages = ["."]
  pruneopts = "UT"
  revision = "835a10bbd6bce40820349a68b1368a62c3c5617c"
  version = "v1.0.0"

[[projects]]
  branch = "master"
  digest = "1:1ecf2a49df33be51e757d0033d5d51d5f784f35f68e5a38f797b2d3f03357d71"
  name = "golang.org/x/crypto"
  packages = [
    "bcrypt",
    "blowfish",
  ]
  pruneopts = "UT"
  revision = "1875d0a70c90e57f11972aefd42276df65e895b9"

[solve-meta]
  analyzer-name = "dep"
  analyzer-version = 1
  input-imports = [
    "github.com/asaskevich/govalidator",
    "github.com/gorilla/mux",
    "github.com/gorilla/sessions",
    "github.com/hashicorp/golang-lru",
    "github.com/lib/pq",
    "github.com/mattn/go-sqlite3",
    "github.com/pkg/profile",
    "github.com/twinj/uuid",
    "golang.org/x/crypto/bcrypt",
  ]
  solver-name = "gps-cdcl"
  solver-version = 1
